
Microsoft Visual Studio Solution File, Format Version 12.00
# Visual Studio Version 17
VisualStudioVersion = 17.11.35222.181
MinimumVisualStudioVersion = 10.0.40219.1
Project("{FAE04EC0-301F-11D3-BF4B-00C04F79EFBC}") = "Week2", "Week2\Week2.csproj", "{A0629EED-1669-417D-A201-ADCA41E4A3B9}"
EndProject
Project("{FAE04EC0-301F-11D3-BF4B-00C04F79EFBC}") = "UserAgeValidation", "UserAgeValidation\UserAgeValidation.csproj", "{CD6FE17D-CB74-4CA2-A189-14F323E3277F}"
EndProject
Global
	GlobalSection(SolutionConfigurationPlatforms) = preSolution
		Debug|Any CPU = Debug|Any CPU
		Release|Any CPU = Release|Any CPU
	EndGlobalSection
	GlobalSection(ProjectConfigurationPlatforms) = postSolution
		{A0629EED-1669-417D-A201-ADCA41E4A3B9}.Debug|Any CPU.ActiveCfg = Debug|Any CPU
		{A0629EED-1669-417D-A201-ADCA41E4A3B9}.Debug|Any CPU.Build.0 = Debug|Any CPU
		{A0629EED-1669-417D-A201-ADCA41E4A3B9}.Release|Any CPU.ActiveCfg = Release|Any CPU
		{A0629EED-1669-417D-A201-ADCA41E4A3B9}.Release|Any CPU.Build.0 = Release|Any CPU
		{CD6FE17D-CB74-4CA2-A189-14F323E3277F}.Debug|Any CPU.ActiveCfg = Debug|Any CPU
		{CD6FE17D-CB74-4CA2-A189-14F323E3277F}.Debug|Any CPU.Build.0 = Debug|Any CPU
		{CD6FE17D-CB74-4CA2-A189-14F323E3277F}.Release|Any CPU.ActiveCfg = Release|Any CPU
		{CD6FE17D-CB74-4CA2-A189-14F323E3277F}.Release|Any CPU.Build.0 = Release|Any CPU
	EndGlobalSection
	GlobalSection(SolutionProperties) = preSolution
		HideSolutionNode = FALSE
	EndGlobalSection
	GlobalSection(ExtensibilityGlobals) = postSolution
		SolutionGuid = {DF0B9521-32E6-430C-89A4-790C48FD27CF}
	EndGlobalSection
EndGlobal
